<?xml version="1.0" encoding="utf-8"?>
<Project ToolsVersion="4.0" xmlns="http://schemas.microsoft.com/developer/msbuild/2003">
  <ItemGroup>
    <Filter Include="Eva">
      <UniqueIdentifier>{01E8870B-6DF1-877C-F66C-9E7C6275937C}</UniqueIdentifier>
    </Filter>
    <Filter Include="Eva\src">
      <UniqueIdentifier>{98BE69DD-049E-E878-0DB6-734F79144FDA}</UniqueIdentifier>
    </Filter>
    <Filter Include="src">
      <UniqueIdentifier>{2DAB880B-99B4-887C-2230-9F7C8E38947C}</UniqueIdentifier>
    </Filter>
  </ItemGroup>
  <ItemGroup>
    <ClCompile Include="..\Eva\src\AST.cpp">
      <Filter>Eva\src</Filter>
    </ClCompile>
    <ClCompile Include="..\Eva\src\Compile.cpp">
      <Filter>Eva\src</Filter>
    </ClCompile>
    <ClCompile Include="..\Eva\src\HashTable.cpp">
      <Filter>Eva\src</Filter>
    </ClCompile>
    <ClCompile Include="..\Eva\src\Lexer.cpp">
      <Filter>Eva\src</Filter>
    </ClCompile>
    <ClCompile Include="..\Eva\src\Main.cpp">
      <Filter>Eva\src</Filter>
    </ClCompile>
    <ClCompile Include="..\Eva\src\Object.cpp">
      <Filter>Eva\src</Filter>
    </ClCompile>
    <ClCompile Include="..\Eva\src\String.cpp">
      <Filter>Eva\src</Filter>
    </ClCompile>
    <ClCompile Include="..\Eva\src\Tokens.cpp">
      <Filter>Eva\src</Filter>
    </ClCompile>
    <ClCompile Include="..\Eva\src\Value.cpp">
      <Filter>Eva\src</Filter>
    </ClCompile>
    <ClCompile Include="..\Eva\src\VirtualMachine.cpp">
      <Filter>Eva\src</Filter>
    </ClCompile>
    <ClCompile Include="src\Tests.cpp">
      <Filter>src</Filter>
    </ClCompile>
  </ItemGroup>
</Project>